
Microsoft Visual Studio Solution File, Format Version 12.00
# Visual Studio Version 17
VisualStudioVersion = 17.11.35312.102
MinimumVisualStudioVersion = 10.0.40219.1
Project("{FAE04EC0-301F-11D3-BF4B-00C04F79EFBC}") = "TUAN8", "TUAN8\TUAN8.csproj", "{3A108549-B6CA-4643-A044-0A89CADE73A7}"
EndProject
Project("{FAE04EC0-301F-11D3-BF4B-00C04F79EFBC}") = "BTTuan8", "BTTuan8\BTTuan8.csproj", "{51D5BCE8-4A9F-444B-A89F-EC88C4412E4B}"
EndProject
Global
	GlobalSection(SolutionConfigurationPlatforms) = preSolution
		Debug|Any CPU = Debug|Any CPU
		Release|Any CPU = Release|Any CPU
	EndGlobalSection
	GlobalSection(ProjectConfigurationPlatforms) = postSolution
		{3A108549-B6CA-4643-A044-0A89CADE73A7}.Debug|Any CPU.ActiveCfg = Debug|Any CPU
		{3A108549-B6CA-4643-A044-0A89CADE73A7}.Debug|Any CPU.Build.0 = Debug|Any CPU
		{3A108549-B6CA-4643-A044-0A89CADE73A7}.Release|Any CPU.ActiveCfg = Release|Any CPU
		{3A108549-B6CA-4643-A044-0A89CADE73A7}.Release|Any CPU.Build.0 = Release|Any CPU
		{51D5BCE8-4A9F-444B-A89F-EC88C4412E4B}.Debug|Any CPU.ActiveCfg = Debug|Any CPU
		{51D5BCE8-4A9F-444B-A89F-EC88C4412E4B}.Debug|Any CPU.Build.0 = Debug|Any CPU
		{51D5BCE8-4A9F-444B-A89F-EC88C4412E4B}.Release|Any CPU.ActiveCfg = Release|Any CPU
		{51D5BCE8-4A9F-444B-A89F-EC88C4412E4B}.Release|Any CPU.Build.0 = Release|Any CPU
	EndGlobalSection
	GlobalSection(SolutionProperties) = preSolution
		HideSolutionNode = FALSE
	EndGlobalSection
	GlobalSection(ExtensibilityGlobals) = postSolution
		SolutionGuid = {7C5D4F9A-E269-46BE-83AF-5515D4A334D1}
	EndGlobalSection
EndGlobal
